
Microsoft Visual Studio Solution File, Format Version 12.00
# Visual Studio Version 16
VisualStudioVersion = 16.0.31025.194
MinimumVisualStudioVersion = 10.0.40219.1
Project("{FAE04EC0-301F-11D3-BF4B-00C04F79EFBC}") = "GuiTubesStima2", "GuiTubesStima2.csproj", "{57C40E3F-6EFC-4A5A-8A08-4D9B1804EE97}"
EndProject
Global
	GlobalSection(SolutionConfigurationPlatforms) = preSolution
		Debug|Any CPU = Debug|Any CPU
		Release|Any CPU = Release|Any CPU
	EndGlobalSection
	GlobalSection(ProjectConfigurationPlatforms) = postSolution
		{57C40E3F-6EFC-4A5A-8A08-4D9B1804EE97}.Debug|Any CPU.ActiveCfg = Debug|Any CPU
		{57C40E3F-6EFC-4A5A-8A08-4D9B1804EE97}.Debug|Any CPU.Build.0 = Debug|Any CPU
		{57C40E3F-6EFC-4A5A-8A08-4D9B1804EE97}.Release|Any CPU.ActiveCfg = Release|Any CPU
		{57C40E3F-6EFC-4A5A-8A08-4D9B1804EE97}.Release|Any CPU.Build.0 = Release|Any CPU
	EndGlobalSection
	GlobalSection(SolutionProperties) = preSolution
		HideSolutionNode = FALSE
	EndGlobalSection
	GlobalSection(ExtensibilityGlobals) = postSolution
		SolutionGuid = {372C96E7-F6F0-4890-B2DC-1A93B1E611E5}
	EndGlobalSection
EndGlobal
